
Microsoft Visual Studio Solution File, Format Version 12.00
# Visual Studio Version 17
VisualStudioVersion = 17.5.33516.290
MinimumVisualStudioVersion = 10.0.40219.1
Project("{FAE04EC0-301F-11D3-BF4B-00C04F79EFBC}") = "SpotifyOrganizer.Tests", "SpotifyOrganizer.Tests\SpotifyOrganizer.Tests.csproj", "{22B5C851-E554-41DB-B193-77C2FD519033}"
EndProject
Project("{FAE04EC0-301F-11D3-BF4B-00C04F79EFBC}") = "SpotifyOrganizer", "SpotifyOrganizer\SpotifyOrganizer.csproj", "{0BF517C0-D6F1-4F25-A7E1-A25B5C0A764E}"
EndProject
Global
	GlobalSection(SolutionConfigurationPlatforms) = preSolution
		Debug|Any CPU = Debug|Any CPU
		Release|Any CPU = Release|Any CPU
	EndGlobalSection
	GlobalSection(ProjectConfigurationPlatforms) = postSolution
		{22B5C851-E554-41DB-B193-77C2FD519033}.Debug|Any CPU.ActiveCfg = Debug|Any CPU
		{22B5C851-E554-41DB-B193-77C2FD519033}.Debug|Any CPU.Build.0 = Debug|Any CPU
		{22B5C851-E554-41DB-B193-77C2FD519033}.Release|Any CPU.ActiveCfg = Release|Any CPU
		{22B5C851-E554-41DB-B193-77C2FD519033}.Release|Any CPU.Build.0 = Release|Any CPU
		{0BF517C0-D6F1-4F25-A7E1-A25B5C0A764E}.Debug|Any CPU.ActiveCfg = Debug|Any CPU
		{0BF517C0-D6F1-4F25-A7E1-A25B5C0A764E}.Debug|Any CPU.Build.0 = Debug|Any CPU
		{0BF517C0-D6F1-4F25-A7E1-A25B5C0A764E}.Release|Any CPU.ActiveCfg = Release|Any CPU
		{0BF517C0-D6F1-4F25-A7E1-A25B5C0A764E}.Release|Any CPU.Build.0 = Release|Any CPU
	EndGlobalSection
	GlobalSection(SolutionProperties) = preSolution
		HideSolutionNode = FALSE
	EndGlobalSection
	GlobalSection(ExtensibilityGlobals) = postSolution
		SolutionGuid = {55F2F026-C7B1-4310-AE58-1A89E57F409B}
	EndGlobalSection
EndGlobal
